
Microsoft Visual Studio Solution File, Format Version 12.00
# Visual Studio Version 17
VisualStudioVersion = 17.0.31903.59
MinimumVisualStudioVersion = 10.0.40219.1
Project("{FAE04EC0-301F-11D3-BF4B-00C04F79EFBC}") = "Nautic", "Nautic\Nautic\Nautic.csproj", "{5DDDB0DE-C742-4FAB-97EA-1E46FE0DE386}"
EndProject
Project("{FAE04EC0-301F-11D3-BF4B-00C04F79EFBC}") = "Nautic.Client", "Nautic\Nautic.Client\Nautic.Client.csproj", "{36834413-3BFE-406E-A35C-1814DB677DE9}"
EndProject
Global
	GlobalSection(SolutionConfigurationPlatforms) = preSolution
		Debug|Any CPU = Debug|Any CPU
		Release|Any CPU = Release|Any CPU
	EndGlobalSection
	GlobalSection(ProjectConfigurationPlatforms) = postSolution
		{5DDDB0DE-C742-4FAB-97EA-1E46FE0DE386}.Debug|Any CPU.ActiveCfg = Debug|Any CPU
		{5DDDB0DE-C742-4FAB-97EA-1E46FE0DE386}.Debug|Any CPU.Build.0 = Debug|Any CPU
		{5DDDB0DE-C742-4FAB-97EA-1E46FE0DE386}.Release|Any CPU.ActiveCfg = Release|Any CPU
		{5DDDB0DE-C742-4FAB-97EA-1E46FE0DE386}.Release|Any CPU.Build.0 = Release|Any CPU
		{36834413-3BFE-406E-A35C-1814DB677DE9}.Debug|Any CPU.ActiveCfg = Debug|Any CPU
		{36834413-3BFE-406E-A35C-1814DB677DE9}.Debug|Any CPU.Build.0 = Debug|Any CPU
		{36834413-3BFE-406E-A35C-1814DB677DE9}.Release|Any CPU.ActiveCfg = Release|Any CPU
		{36834413-3BFE-406E-A35C-1814DB677DE9}.Release|Any CPU.Build.0 = Release|Any CPU
	EndGlobalSection
	GlobalSection(SolutionProperties) = preSolution
		HideSolutionNode = FALSE
	EndGlobalSection
	GlobalSection(ExtensibilityGlobals) = postSolution
		SolutionGuid = {744BD7A3-0469-4CA6-A557-B49C33F82B28}
	EndGlobalSection
EndGlobal
